
Microsoft Visual Studio Solution File, Format Version 12.00
# Visual Studio Version 17
VisualStudioVersion = 17.6.33815.320
MinimumVisualStudioVersion = 10.0.40219.1
Project("{FAE04EC0-301F-11D3-BF4B-00C04F79EFBC}") = "Tutorial_API", "Tutorial_API\Tutorial_API.csproj", "{504E7B82-0B38-4BAE-A5E3-3C95415E2F14}"
EndProject
Global
	GlobalSection(SolutionConfigurationPlatforms) = preSolution
		Debug|Any CPU = Debug|Any CPU
		Release|Any CPU = Release|Any CPU
	EndGlobalSection
	GlobalSection(ProjectConfigurationPlatforms) = postSolution
		{504E7B82-0B38-4BAE-A5E3-3C95415E2F14}.Debug|Any CPU.ActiveCfg = Debug|Any CPU
		{504E7B82-0B38-4BAE-A5E3-3C95415E2F14}.Debug|Any CPU.Build.0 = Debug|Any CPU
		{504E7B82-0B38-4BAE-A5E3-3C95415E2F14}.Release|Any CPU.ActiveCfg = Release|Any CPU
		{504E7B82-0B38-4BAE-A5E3-3C95415E2F14}.Release|Any CPU.Build.0 = Release|Any CPU
	EndGlobalSection
	GlobalSection(SolutionProperties) = preSolution
		HideSolutionNode = FALSE
	EndGlobalSection
	GlobalSection(ExtensibilityGlobals) = postSolution
		SolutionGuid = {A60C99D3-B7C8-4F0E-817F-026AAFE428C1}
	EndGlobalSection
EndGlobal
